
Microsoft Visual Studio Solution File, Format Version 12.00
# Visual Studio Version 17
VisualStudioVersion = 17.4.33213.308
MinimumVisualStudioVersion = 10.0.40219.1
Project("{FAE04EC0-301F-11D3-BF4B-00C04F79EFBC}") = "Vista", "Vista\Vista.csproj", "{6F01028E-48CC-43E7-8DEE-9A9292F3700D}"
EndProject
Project("{FAE04EC0-301F-11D3-BF4B-00C04F79EFBC}") = "Entidades", "Entidades\Entidades.csproj", "{8CCE3979-09C8-407C-B1CD-8039B6523DE5}"
EndProject
Project("{FAE04EC0-301F-11D3-BF4B-00C04F79EFBC}") = "Datos", "Datos\Datos.csproj", "{AF75F01E-6536-4704-83AF-FCE5DB0A5EBC}"
EndProject
Global
	GlobalSection(SolutionConfigurationPlatforms) = preSolution
		Debug|Any CPU = Debug|Any CPU
		Release|Any CPU = Release|Any CPU
	EndGlobalSection
	GlobalSection(ProjectConfigurationPlatforms) = postSolution
		{6F01028E-48CC-43E7-8DEE-9A9292F3700D}.Debug|Any CPU.ActiveCfg = Debug|Any CPU
		{6F01028E-48CC-43E7-8DEE-9A9292F3700D}.Debug|Any CPU.Build.0 = Debug|Any CPU
		{6F01028E-48CC-43E7-8DEE-9A9292F3700D}.Release|Any CPU.ActiveCfg = Release|Any CPU
		{6F01028E-48CC-43E7-8DEE-9A9292F3700D}.Release|Any CPU.Build.0 = Release|Any CPU
		{8CCE3979-09C8-407C-B1CD-8039B6523DE5}.Debug|Any CPU.ActiveCfg = Debug|Any CPU
		{8CCE3979-09C8-407C-B1CD-8039B6523DE5}.Debug|Any CPU.Build.0 = Debug|Any CPU
		{8CCE3979-09C8-407C-B1CD-8039B6523DE5}.Release|Any CPU.ActiveCfg = Release|Any CPU
		{8CCE3979-09C8-407C-B1CD-8039B6523DE5}.Release|Any CPU.Build.0 = Release|Any CPU
		{AF75F01E-6536-4704-83AF-FCE5DB0A5EBC}.Debug|Any CPU.ActiveCfg = Debug|Any CPU
		{AF75F01E-6536-4704-83AF-FCE5DB0A5EBC}.Debug|Any CPU.Build.0 = Debug|Any CPU
		{AF75F01E-6536-4704-83AF-FCE5DB0A5EBC}.Release|Any CPU.ActiveCfg = Release|Any CPU
		{AF75F01E-6536-4704-83AF-FCE5DB0A5EBC}.Release|Any CPU.Build.0 = Release|Any CPU
	EndGlobalSection
	GlobalSection(SolutionProperties) = preSolution
		HideSolutionNode = FALSE
	EndGlobalSection
	GlobalSection(ExtensibilityGlobals) = postSolution
		SolutionGuid = {D5D2CDE5-AD53-4A01-BAED-58CB59E00E38}
	EndGlobalSection
EndGlobal
